// !$*UTF8*$!
{
	archiveVersion = 1;
	classes = {
	};
	objectVersion = 50;
	objects = {

/* Begin PBXBuildFile section */
		601836D022723BAE003344A5 /* AppsPageController.swift in Sources */ = {isa = PBXBuildFile; fileRef = 601836CF22723BAE003344A5 /* AppsPageController.swift */; };
		601836D222723D89003344A5 /* BaseListController.swift in Sources */ = {isa = PBXBuildFile; fileRef = 601836D122723D89003344A5 /* BaseListController.swift */; };
		601836D5227240FF003344A5 /* AppsGroupCell.swift in Sources */ = {isa = PBXBuildFile; fileRef = 601836D4227240FF003344A5 /* AppsGroupCell.swift */; };
		601836D922738CFF003344A5 /* AppsHorizontalController.swift in Sources */ = {isa = PBXBuildFile; fileRef = 601836D822738CFF003344A5 /* AppsHorizontalController.swift */; };
		6024ED8A2277808E00F7982D /* SocialApp.swift in Sources */ = {isa = PBXBuildFile; fileRef = 6024ED892277808E00F7982D /* SocialApp.swift */; };
		6024ED8C2277AF0500F7982D /* HorizontalSnappingController.swift in Sources */ = {isa = PBXBuildFile; fileRef = 6024ED8B2277AF0500F7982D /* HorizontalSnappingController.swift */; };
		6024ED8E2277B62900F7982D /* SnappingLayout.swift in Sources */ = {isa = PBXBuildFile; fileRef = 6024ED8D2277B62900F7982D /* SnappingLayout.swift */; };
		602767AA2270D2BB00D61034 /* SearchResult.swift in Sources */ = {isa = PBXBuildFile; fileRef = 602767A92270D2BB00D61034 /* SearchResult.swift */; };
		602767AD2270E84B00D61034 /* AppService.swift in Sources */ = {isa = PBXBuildFile; fileRef = 602767AC2270E84B00D61034 /* AppService.swift */; };
		609EFE412273B207004AF88A /* AppsPageHeader.swift in Sources */ = {isa = PBXBuildFile; fileRef = 609EFE402273B207004AF88A /* AppsPageHeader.swift */; };
		609EFE432273B5FB004AF88A /* AppsHeaderHorizontalController.swift in Sources */ = {isa = PBXBuildFile; fileRef = 609EFE422273B5FB004AF88A /* AppsHeaderHorizontalController.swift */; };
		609EFE452273BD64004AF88A /* AppsHeaderCell.swift in Sources */ = {isa = PBXBuildFile; fileRef = 609EFE442273BD64004AF88A /* AppsHeaderCell.swift */; };
		609EFE472273D500004AF88A /* AppGroup.swift in Sources */ = {isa = PBXBuildFile; fileRef = 609EFE462273D500004AF88A /* AppGroup.swift */; };
		60A4916322739B180016EBAB /* AppRowCell.swift in Sources */ = {isa = PBXBuildFile; fileRef = 60A4916222739B180016EBAB /* AppRowCell.swift */; };
		60A4916522739D010016EBAB /* Extensions.swift in Sources */ = {isa = PBXBuildFile; fileRef = 60A4916422739D010016EBAB /* Extensions.swift */; };
		60BE2A94226F8F9A00E1D334 /* AppDelegate.swift in Sources */ = {isa = PBXBuildFile; fileRef = 60BE2A93226F8F9A00E1D334 /* AppDelegate.swift */; };
		60BE2A96226F8F9A00E1D334 /* ViewController.swift in Sources */ = {isa = PBXBuildFile; fileRef = 60BE2A95226F8F9A00E1D334 /* ViewController.swift */; };
		60BE2A99226F8F9A00E1D334 /* Main.storyboard in Resources */ = {isa = PBXBuildFile; fileRef = 60BE2A97226F8F9A00E1D334 /* Main.storyboard */; };
		60BE2A9B226F8F9B00E1D334 /* Assets.xcassets in Resources */ = {isa = PBXBuildFile; fileRef = 60BE2A9A226F8F9B00E1D334 /* Assets.xcassets */; };
		60BE2A9E226F8F9B00E1D334 /* LaunchScreen.storyboard in Resources */ = {isa = PBXBuildFile; fileRef = 60BE2A9C226F8F9B00E1D334 /* LaunchScreen.storyboard */; };
		60BE2AA6226F974E00E1D334 /* BaseTabBarController.swift in Sources */ = {isa = PBXBuildFile; fileRef = 60BE2AA5226F974E00E1D334 /* BaseTabBarController.swift */; };
		60BE2AA9226FAD3E00E1D334 /* AppsSearchController.swift in Sources */ = {isa = PBXBuildFile; fileRef = 60BE2AA8226FAD3E00E1D334 /* AppsSearchController.swift */; };
		60BE2AAB226FC04000E1D334 /* SearchResultsCell.swift in Sources */ = {isa = PBXBuildFile; fileRef = 60BE2AAA226FC04000E1D334 /* SearchResultsCell.swift */; };
		60C6FE622282263F0089A0FD /* PreviewCell.swift in Sources */ = {isa = PBXBuildFile; fileRef = 60C6FE612282263F0089A0FD /* PreviewCell.swift */; };
		60C6FE64228229070089A0FD /* PreviewScreenshotsController.swift in Sources */ = {isa = PBXBuildFile; fileRef = 60C6FE63228229070089A0FD /* PreviewScreenshotsController.swift */; };
		60C6FE6622822FE20089A0FD /* ScreenShotCell.swift in Sources */ = {isa = PBXBuildFile; fileRef = 60C6FE6522822FE20089A0FD /* ScreenShotCell.swift */; };
		60CC17A12278BF0E009AC240 /* AppDetailController.swift in Sources */ = {isa = PBXBuildFile; fileRef = 60CC17A02278BF0E009AC240 /* AppDetailController.swift */; };
		60CC17A522791AE5009AC240 /* AppDetailCell.swift in Sources */ = {isa = PBXBuildFile; fileRef = 60CC17A422791AE5009AC240 /* AppDetailCell.swift */; };
		60E58C0A226FDFD600418665 /* UIView+Layout.swift in Sources */ = {isa = PBXBuildFile; fileRef = 60E58C09226FDFD600418665 /* UIView+Layout.swift */; };
		60E58C0C226FEC0600418665 /* VerticalStackView.swift in Sources */ = {isa = PBXBuildFile; fileRef = 60E58C0B226FEC0600418665 /* VerticalStackView.swift */; };
		FB1C4B0CE1846817A881BACF /* Pods_AppStore.framework in Frameworks */ = {isa = PBXBuildFile; fileRef = BC4A9424604F12C63C7669A5 /* Pods_AppStore.framework */; };
/* End PBXBuildFile section */

/* Begin PBXFileReference section */
		32C7AA4E09CCD6BD4CF796E5 /* Pods-AppStore.release.xcconfig */ = {isa = PBXFileReference; includeInIndex = 1; lastKnownFileType = text.xcconfig; name = "Pods-AppStore.release.xcconfig"; path = "Target Support Files/Pods-AppStore/Pods-AppStore.release.xcconfig"; sourceTree = "<group>"; };
		601836CF22723BAE003344A5 /* AppsPageController.swift */ = {isa = PBXFileReference; lastKnownFileType = sourcecode.swift; path = AppsPageController.swift; sourceTree = "<group>"; };
		601836D122723D89003344A5 /* BaseListController.swift */ = {isa = PBXFileReference; lastKnownFileType = sourcecode.swift; path = BaseListController.swift; sourceTree = "<group>"; };
		601836D4227240FF003344A5 /* AppsGroupCell.swift */ = {isa = PBXFileReference; lastKnownFileType = sourcecode.swift; path = AppsGroupCell.swift; sourceTree = "<group>"; };
		601836D822738CFF003344A5 /* AppsHorizontalController.swift */ = {isa = PBXFileReference; lastKnownFileType = sourcecode.swift; path = AppsHorizontalController.swift; sourceTree = "<group>"; };
		6024ED892277808E00F7982D /* SocialApp.swift */ = {isa = PBXFileReference; lastKnownFileType = sourcecode.swift; path = SocialApp.swift; sourceTree = "<group>"; };
		6024ED8B2277AF0500F7982D /* HorizontalSnappingController.swift */ = {isa = PBXFileReference; lastKnownFileType = sourcecode.swift; path = HorizontalSnappingController.swift; sourceTree = "<group>"; };
		6024ED8D2277B62900F7982D /* SnappingLayout.swift */ = {isa = PBXFileReference; lastKnownFileType = sourcecode.swift; path = SnappingLayout.swift; sourceTree = "<group>"; };
		602767A92270D2BB00D61034 /* SearchResult.swift */ = {isa = PBXFileReference; lastKnownFileType = sourcecode.swift; path = SearchResult.swift; sourceTree = "<group>"; };
		602767AC2270E84B00D61034 /* AppService.swift */ = {isa = PBXFileReference; lastKnownFileType = sourcecode.swift; path = AppService.swift; sourceTree = "<group>"; };
		609EFE402273B207004AF88A /* AppsPageHeader.swift */ = {isa = PBXFileReference; lastKnownFileType = sourcecode.swift; path = AppsPageHeader.swift; sourceTree = "<group>"; };
		609EFE422273B5FB004AF88A /* AppsHeaderHorizontalController.swift */ = {isa = PBXFileReference; lastKnownFileType = sourcecode.swift; path = AppsHeaderHorizontalController.swift; sourceTree = "<group>"; };
		609EFE442273BD64004AF88A /* AppsHeaderCell.swift */ = {isa = PBXFileReference; lastKnownFileType = sourcecode.swift; path = AppsHeaderCell.swift; sourceTree = "<group>"; };
		609EFE462273D500004AF88A /* AppGroup.swift */ = {isa = PBXFileReference; lastKnownFileType = sourcecode.swift; path = AppGroup.swift; sourceTree = "<group>"; };
		60A4916222739B180016EBAB /* AppRowCell.swift */ = {isa = PBXFileReference; lastKnownFileType = sourcecode.swift; path = AppRowCell.swift; sourceTree = "<group>"; };
		60A4916422739D010016EBAB /* Extensions.swift */ = {isa = PBXFileReference; lastKnownFileType = sourcecode.swift; path = Extensions.swift; sourceTree = "<group>"; };
		60BE2A90226F8F9900E1D334 /* AppStore.app */ = {isa = PBXFileReference; explicitFileType = wrapper.application; includeInIndex = 0; path = AppStore.app; sourceTree = BUILT_PRODUCTS_DIR; };
		60BE2A93226F8F9A00E1D334 /* AppDelegate.swift */ = {isa = PBXFileReference; lastKnownFileType = sourcecode.swift; path = AppDelegate.swift; sourceTree = "<group>"; };
		60BE2A95226F8F9A00E1D334 /* ViewController.swift */ = {isa = PBXFileReference; lastKnownFileType = sourcecode.swift; path = ViewController.swift; sourceTree = "<group>"; };
		60BE2A98226F8F9A00E1D334 /* Base */ = {isa = PBXFileReference; lastKnownFileType = file.storyboard; name = Base; path = Base.lproj/Main.storyboard; sourceTree = "<group>"; };
		60BE2A9A226F8F9B00E1D334 /* Assets.xcassets */ = {isa = PBXFileReference; lastKnownFileType = folder.assetcatalog; path = Assets.xcassets; sourceTree = "<group>"; };
		60BE2A9D226F8F9B00E1D334 /* Base */ = {isa = PBXFileReference; lastKnownFileType = file.storyboard; name = Base; path = Base.lproj/LaunchScreen.storyboard; sourceTree = "<group>"; };
		60BE2A9F226F8F9B00E1D334 /* Info.plist */ = {isa = PBXFileReference; lastKnownFileType = text.plist.xml; path = Info.plist; sourceTree = "<group>"; };
		60BE2AA5226F974E00E1D334 /* BaseTabBarController.swift */ = {isa = PBXFileReference; lastKnownFileType = sourcecode.swift; path = BaseTabBarController.swift; sourceTree = "<group>"; };
		60BE2AA8226FAD3E00E1D334 /* AppsSearchController.swift */ = {isa = PBXFileReference; lastKnownFileType = sourcecode.swift; path = AppsSearchController.swift; sourceTree = "<group>"; };
		60BE2AAA226FC04000E1D334 /* SearchResultsCell.swift */ = {isa = PBXFileReference; lastKnownFileType = sourcecode.swift; path = SearchResultsCell.swift; sourceTree = "<group>"; };
		60C6FE612282263F0089A0FD /* PreviewCell.swift */ = {isa = PBXFileReference; lastKnownFileType = sourcecode.swift; path = PreviewCell.swift; sourceTree = "<group>"; };
		60C6FE63228229070089A0FD /* PreviewScreenshotsController.swift */ = {isa = PBXFileReference; lastKnownFileType = sourcecode.swift; path = PreviewScreenshotsController.swift; sourceTree = "<group>"; };
		60C6FE6522822FE20089A0FD /* ScreenShotCell.swift */ = {isa = PBXFileReference; lastKnownFileType = sourcecode.swift; path = ScreenShotCell.swift; sourceTree = "<group>"; };
		60CC17A02278BF0E009AC240 /* AppDetailController.swift */ = {isa = PBXFileReference; lastKnownFileType = sourcecode.swift; path = AppDetailController.swift; sourceTree = "<group>"; };
		60CC17A422791AE5009AC240 /* AppDetailCell.swift */ = {isa = PBXFileReference; lastKnownFileType = sourcecode.swift; path = AppDetailCell.swift; sourceTree = "<group>"; };
		60E58C09226FDFD600418665 /* UIView+Layout.swift */ = {isa = PBXFileReference; fileEncoding = 4; lastKnownFileType = sourcecode.swift; path = "UIView+Layout.swift"; sourceTree = "<group>"; };
		60E58C0B226FEC0600418665 /* VerticalStackView.swift */ = {isa = PBXFileReference; lastKnownFileType = sourcecode.swift; path = VerticalStackView.swift; sourceTree = "<group>"; };
		9D38CE998CA52C80E6E50388 /* Pods-AppStore.debug.xcconfig */ = {isa = PBXFileReference; includeInIndex = 1; lastKnownFileType = text.xcconfig; name = "Pods-AppStore.debug.xcconfig"; path = "Target Support Files/Pods-AppStore/Pods-AppStore.debug.xcconfig"; sourceTree = "<group>"; };
		BC4A9424604F12C63C7669A5 /* Pods_AppStore.framework */ = {isa = PBXFileReference; explicitFileType = wrapper.framework; includeInIndex = 0; path = Pods_AppStore.framework; sourceTree = BUILT_PRODUCTS_DIR; };
/* End PBXFileReference section */

/* Begin PBXFrameworksBuildPhase section */
		60BE2A8D226F8F9900E1D334 /* Frameworks */ = {
			isa = PBXFrameworksBuildPhase;
			buildActionMask = 2147483647;
			files = (
				FB1C4B0CE1846817A881BACF /* Pods_AppStore.framework in Frameworks */,
			);
			runOnlyForDeploymentPostprocessing = 0;
		};
/* End PBXFrameworksBuildPhase section */

/* Begin PBXGroup section */
		300600A1F45B9A68A3D98102 /* Frameworks */ = {
			isa = PBXGroup;
			children = (
				BC4A9424604F12C63C7669A5 /* Pods_AppStore.framework */,
			);
			name = Frameworks;
			sourceTree = "<group>";
		};
		4F4E3B9235D7A3D5DBF7C291 /* Pods */ = {
			isa = PBXGroup;
			children = (
				9D38CE998CA52C80E6E50388 /* Pods-AppStore.debug.xcconfig */,
				32C7AA4E09CCD6BD4CF796E5 /* Pods-AppStore.release.xcconfig */,
			);
			path = Pods;
			sourceTree = "<group>";
		};
		6011113F2272388900FB4F86 /* Apps */ = {
			isa = PBXGroup;
			children = (
				60CC17A22278BF15009AC240 /* Details */,
				601836CF22723BAE003344A5 /* AppsPageController.swift */,
				601836D822738CFF003344A5 /* AppsHorizontalController.swift */,
				609EFE422273B5FB004AF88A /* AppsHeaderHorizontalController.swift */,
			);
			path = Apps;
			sourceTree = "<group>";
		};
		601836D322723EF0003344A5 /* Search */ = {
			isa = PBXGroup;
			children = (
				60BE2AA8226FAD3E00E1D334 /* AppsSearchController.swift */,
			);
			path = Search;
			sourceTree = "<group>";
		};
		601836D62272410A003344A5 /* Apps */ = {
			isa = PBXGroup;
			children = (
				601836D4227240FF003344A5 /* AppsGroupCell.swift */,
				60CC17A422791AE5009AC240 /* AppDetailCell.swift */,
				60C6FE612282263F0089A0FD /* PreviewCell.swift */,
				60C6FE6522822FE20089A0FD /* ScreenShotCell.swift */,
				60A4916222739B180016EBAB /* AppRowCell.swift */,
				609EFE402273B207004AF88A /* AppsPageHeader.swift */,
				609EFE442273BD64004AF88A /* AppsHeaderCell.swift */,
			);
			path = Apps;
			sourceTree = "<group>";
		};
		601836D722724116003344A5 /* Search */ = {
			isa = PBXGroup;
			children = (
				60BE2AAA226FC04000E1D334 /* SearchResultsCell.swift */,
			);
			path = Search;
			sourceTree = "<group>";
		};
		602767AB2270E83400D61034 /* Service */ = {
			isa = PBXGroup;
			children = (
				602767AC2270E84B00D61034 /* AppService.swift */,
			);
			path = Service;
			sourceTree = "<group>";
		};
		608C293C226FDF39007F7FC6 /* Helpers */ = {
			isa = PBXGroup;
			children = (
				60E58C09226FDFD600418665 /* UIView+Layout.swift */,
				60E58C0B226FEC0600418665 /* VerticalStackView.swift */,
				60A4916422739D010016EBAB /* Extensions.swift */,
				6024ED8D2277B62900F7982D /* SnappingLayout.swift */,
			);
			path = Helpers;
			sourceTree = "<group>";
		};
		60BE2A87226F8F9900E1D334 = {
			isa = PBXGroup;
			children = (
				60BE2A92226F8F9900E1D334 /* AppStore */,
				60BE2A91226F8F9900E1D334 /* Products */,
				4F4E3B9235D7A3D5DBF7C291 /* Pods */,
				300600A1F45B9A68A3D98102 /* Frameworks */,
			);
			sourceTree = "<group>";
		};
		60BE2A91226F8F9900E1D334 /* Products */ = {
			isa = PBXGroup;
			children = (
				60BE2A90226F8F9900E1D334 /* AppStore.app */,
			);
			name = Products;
			sourceTree = "<group>";
		};
		60BE2A92226F8F9900E1D334 /* AppStore */ = {
			isa = PBXGroup;
			children = (
				602767AB2270E83400D61034 /* Service */,
				60E58C0D2270D26000418665 /* Models */,
				608C293C226FDF39007F7FC6 /* Helpers */,
				60BE2AAC226FC05E00E1D334 /* Views */,
				60BE2AA7226FAC8A00E1D334 /* Controllers */,
				60CC17A32278D0C8009AC240 /* Resources */,
			);
			path = AppStore;
			sourceTree = "<group>";
		};
		60BE2AA7226FAC8A00E1D334 /* Controllers */ = {
			isa = PBXGroup;
			children = (
				601836D322723EF0003344A5 /* Search */,
				6011113F2272388900FB4F86 /* Apps */,
				60BE2AA5226F974E00E1D334 /* BaseTabBarController.swift */,
				601836D122723D89003344A5 /* BaseListController.swift */,
				6024ED8B2277AF0500F7982D /* HorizontalSnappingController.swift */,
			);
			path = Controllers;
			sourceTree = "<group>";
		};
		60BE2AAC226FC05E00E1D334 /* Views */ = {
			isa = PBXGroup;
			children = (
				601836D62272410A003344A5 /* Apps */,
				601836D722724116003344A5 /* Search */,
			);
			path = Views;
			sourceTree = "<group>";
		};
		60CC17A22278BF15009AC240 /* Details */ = {
			isa = PBXGroup;
			children = (
				60CC17A02278BF0E009AC240 /* AppDetailController.swift */,
				60C6FE63228229070089A0FD /* PreviewScreenshotsController.swift */,
			);
			path = Details;
			sourceTree = "<group>";
		};
		60CC17A32278D0C8009AC240 /* Resources */ = {
			isa = PBXGroup;
			children = (
				60BE2A93226F8F9A00E1D334 /* AppDelegate.swift */,
				60BE2A95226F8F9A00E1D334 /* ViewController.swift */,
				60BE2A97226F8F9A00E1D334 /* Main.storyboard */,
				60BE2A9A226F8F9B00E1D334 /* Assets.xcassets */,
				60BE2A9C226F8F9B00E1D334 /* LaunchScreen.storyboard */,
				60BE2A9F226F8F9B00E1D334 /* Info.plist */,
			);
			path = Resources;
			sourceTree = "<group>";
		};
		60E58C0D2270D26000418665 /* Models */ = {
			isa = PBXGroup;
			children = (
				602767A92270D2BB00D61034 /* SearchResult.swift */,
				609EFE462273D500004AF88A /* AppGroup.swift */,
				6024ED892277808E00F7982D /* SocialApp.swift */,
			);
			path = Models;
			sourceTree = "<group>";
		};
/* End PBXGroup section */

/* Begin PBXNativeTarget section */
		60BE2A8F226F8F9900E1D334 /* AppStore */ = {
			isa = PBXNativeTarget;
			buildConfigurationList = 60BE2AA2226F8F9B00E1D334 /* Build configuration list for PBXNativeTarget "AppStore" */;
			buildPhases = (
				85C63BFE03DAD39B8D10D1F4 /* [CP] Check Pods Manifest.lock */,
				60BE2A8C226F8F9900E1D334 /* Sources */,
				60BE2A8D226F8F9900E1D334 /* Frameworks */,
				60BE2A8E226F8F9900E1D334 /* Resources */,
				0EA9E2F219FD14156040B433 /* [CP] Embed Pods Frameworks */,
			);
			buildRules = (
			);
			dependencies = (
			);
			name = AppStore;
			productName = AppStore;
			productReference = 60BE2A90226F8F9900E1D334 /* AppStore.app */;
			productType = "com.apple.product-type.application";
		};
/* End PBXNativeTarget section */

/* Begin PBXProject section */
		60BE2A88226F8F9900E1D334 /* Project object */ = {
			isa = PBXProject;
			attributes = {
				LastSwiftUpdateCheck = 1020;
				LastUpgradeCheck = 1020;
				ORGANIZATIONNAME = "Seth Danner";
				TargetAttributes = {
					60BE2A8F226F8F9900E1D334 = {
						CreatedOnToolsVersion = 10.2.1;
					};
				};
			};
			buildConfigurationList = 60BE2A8B226F8F9900E1D334 /* Build configuration list for PBXProject "AppStore" */;
			compatibilityVersion = "Xcode 9.3";
			developmentRegion = en;
			hasScannedForEncodings = 0;
			knownRegions = (
				en,
				Base,
			);
			mainGroup = 60BE2A87226F8F9900E1D334;
			productRefGroup = 60BE2A91226F8F9900E1D334 /* Products */;
			projectDirPath = "";
			projectRoot = "";
			targets = (
				60BE2A8F226F8F9900E1D334 /* AppStore */,
			);
		};
/* End PBXProject section */

/* Begin PBXResourcesBuildPhase section */
		60BE2A8E226F8F9900E1D334 /* Resources */ = {
			isa = PBXResourcesBuildPhase;
			buildActionMask = 2147483647;
			files = (
				60BE2A9E226F8F9B00E1D334 /* LaunchScreen.storyboard in Resources */,
				60BE2A9B226F8F9B00E1D334 /* Assets.xcassets in Resources */,
				60BE2A99226F8F9A00E1D334 /* Main.storyboard in Resources */,
			);
			runOnlyForDeploymentPostprocessing = 0;
		};
/* End PBXResourcesBuildPhase section */

/* Begin PBXShellScriptBuildPhase section */
		0EA9E2F219FD14156040B433 /* [CP] Embed Pods Frameworks */ = {
			isa = PBXShellScriptBuildPhase;
			buildActionMask = 2147483647;
			files = (
			);
			inputFileListPaths = (
			);
			inputPaths = (
				"${PODS_ROOT}/Target Support Files/Pods-AppStore/Pods-AppStore-frameworks.sh",
				"${BUILT_PRODUCTS_DIR}/SDWebImage/SDWebImage.framework",
			);
			name = "[CP] Embed Pods Frameworks";
			outputFileListPaths = (
			);
			outputPaths = (
				"${TARGET_BUILD_DIR}/${FRAMEWORKS_FOLDER_PATH}/SDWebImage.framework",
			);
			runOnlyForDeploymentPostprocessing = 0;
			shellPath = /bin/sh;
			shellScript = "\"${PODS_ROOT}/Target Support Files/Pods-AppStore/Pods-AppStore-frameworks.sh\"\n";
			showEnvVarsInLog = 0;
		};
		85C63BFE03DAD39B8D10D1F4 /* [CP] Check Pods Manifest.lock */ = {
			isa = PBXShellScriptBuildPhase;
			buildActionMask = 2147483647;
			files = (
			);
			inputFileListPaths = (
			);
			inputPaths = (
				"${PODS_PODFILE_DIR_PATH}/Podfile.lock",
				"${PODS_ROOT}/Manifest.lock",
			);
			name = "[CP] Check Pods Manifest.lock";
			outputFileListPaths = (
			);
			outputPaths = (
				"$(DERIVED_FILE_DIR)/Pods-AppStore-checkManifestLockResult.txt",
			);
			runOnlyForDeploymentPostprocessing = 0;
			shellPath = /bin/sh;
			shellScript = "diff \"${PODS_PODFILE_DIR_PATH}/Podfile.lock\" \"${PODS_ROOT}/Manifest.lock\" > /dev/null\nif [ $? != 0 ] ; then\n    # print error to STDERR\n    echo \"error: The sandbox is not in sync with the Podfile.lock. Run 'pod install' or update your CocoaPods installation.\" >&2\n    exit 1\nfi\n# This output is used by Xcode 'outputs' to avoid re-running this script phase.\necho \"SUCCESS\" > \"${SCRIPT_OUTPUT_FILE_0}\"\n";
			showEnvVarsInLog = 0;
		};
/* End PBXShellScriptBuildPhase section */

/* Begin PBXSourcesBuildPhase section */
		60BE2A8C226F8F9900E1D334 /* Sources */ = {
			isa = PBXSourcesBuildPhase;
			buildActionMask = 2147483647;
			files = (
				60BE2A96226F8F9A00E1D334 /* ViewController.swift in Sources */,
				6024ED8E2277B62900F7982D /* SnappingLayout.swift in Sources */,
				602767AD2270E84B00D61034 /* AppService.swift in Sources */,
				6024ED8A2277808E00F7982D /* SocialApp.swift in Sources */,
				60BE2AAB226FC04000E1D334 /* SearchResultsCell.swift in Sources */,
				609EFE472273D500004AF88A /* AppGroup.swift in Sources */,
				601836D022723BAE003344A5 /* AppsPageController.swift in Sources */,
				609EFE452273BD64004AF88A /* AppsHeaderCell.swift in Sources */,
				602767AA2270D2BB00D61034 /* SearchResult.swift in Sources */,
				601836D222723D89003344A5 /* BaseListController.swift in Sources */,
				60C6FE6622822FE20089A0FD /* ScreenShotCell.swift in Sources */,
				60CC17A522791AE5009AC240 /* AppDetailCell.swift in Sources */,
				60A4916322739B180016EBAB /* AppRowCell.swift in Sources */,
				60C6FE64228229070089A0FD /* PreviewScreenshotsController.swift in Sources */,
				60E58C0A226FDFD600418665 /* UIView+Layout.swift in Sources */,
				601836D5227240FF003344A5 /* AppsGroupCell.swift in Sources */,
				609EFE412273B207004AF88A /* AppsPageHeader.swift in Sources */,
				60BE2A94226F8F9A00E1D334 /* AppDelegate.swift in Sources */,
				60C6FE622282263F0089A0FD /* PreviewCell.swift in Sources */,
				60A4916522739D010016EBAB /* Extensions.swift in Sources */,
				60BE2AA6226F974E00E1D334 /* BaseTabBarController.swift in Sources */,
				60BE2AA9226FAD3E00E1D334 /* AppsSearchController.swift in Sources */,
				60CC17A12278BF0E009AC240 /* AppDetailController.swift in Sources */,
				6024ED8C2277AF0500F7982D /* HorizontalSnappingController.swift in Sources */,
				601836D922738CFF003344A5 /* AppsHorizontalController.swift in Sources */,
				60E58C0C226FEC0600418665 /* VerticalStackView.swift in Sources */,
				609EFE432273B5FB004AF88A /* AppsHeaderHorizontalController.swift in Sources */,
			);
			runOnlyForDeploymentPostprocessing = 0;
		};
/* End PBXSourcesBuildPhase section */

/* Begin PBXVariantGroup section */
		60BE2A97226F8F9A00E1D334 /* Main.storyboard */ = {
			isa = PBXVariantGroup;
			children = (
				60BE2A98226F8F9A00E1D334 /* Base */,
			);
			name = Main.storyboard;
			sourceTree = "<group>";
		};
		60BE2A9C226F8F9B00E1D334 /* LaunchScreen.storyboard */ = {
			isa = PBXVariantGroup;
			children = (
				60BE2A9D226F8F9B00E1D334 /* Base */,
			);
			name = LaunchScreen.storyboard;
			sourceTree = "<group>";
		};
/* End PBXVariantGroup section */

/* Begin XCBuildConfiguration section */
		60BE2AA0226F8F9B00E1D334 /* Debug */ = {
			isa = XCBuildConfiguration;
			buildSettings = {
				ALWAYS_SEARCH_USER_PATHS = NO;
				CLANG_ANALYZER_NONNULL = YES;
				CLANG_ANALYZER_NUMBER_OBJECT_CONVERSION = YES_AGGRESSIVE;
				CLANG_CXX_LANGUAGE_STANDARD = "gnu++14";
				CLANG_CXX_LIBRARY = "libc++";
				CLANG_ENABLE_MODULES = YES;
				CLANG_ENABLE_OBJC_ARC = YES;
				CLANG_ENABLE_OBJC_WEAK = YES;
				CLANG_WARN_BLOCK_CAPTURE_AUTORELEASING = YES;
				CLANG_WARN_BOOL_CONVERSION = YES;
				CLANG_WARN_COMMA = YES;
				CLANG_WARN_CONSTANT_CONVERSION = YES;
				CLANG_WARN_DEPRECATED_OBJC_IMPLEMENTATIONS = YES;
				CLANG_WARN_DIRECT_OBJC_ISA_USAGE = YES_ERROR;
				CLANG_WARN_DOCUMENTATION_COMMENTS = YES;
				CLANG_WARN_EMPTY_BODY = YES;
				CLANG_WARN_ENUM_CONVERSION = YES;
				CLANG_WARN_INFINITE_RECURSION = YES;
				CLANG_WARN_INT_CONVERSION = YES;
				CLANG_WARN_NON_LITERAL_NULL_CONVERSION = YES;
				CLANG_WARN_OBJC_IMPLICIT_RETAIN_SELF = YES;
				CLANG_WARN_OBJC_LITERAL_CONVERSION = YES;
				CLANG_WARN_OBJC_ROOT_CLASS = YES_ERROR;
				CLANG_WARN_RANGE_LOOP_ANALYSIS = YES;
				CLANG_WARN_STRICT_PROTOTYPES = YES;
				CLANG_WARN_SUSPICIOUS_MOVE = YES;
				CLANG_WARN_UNGUARDED_AVAILABILITY = YES_AGGRESSIVE;
				CLANG_WARN_UNREACHABLE_CODE = YES;
				CLANG_WARN__DUPLICATE_METHOD_MATCH = YES;
				CODE_SIGN_IDENTITY = "iPhone Developer";
				COPY_PHASE_STRIP = NO;
				DEBUG_INFORMATION_FORMAT = dwarf;
				ENABLE_STRICT_OBJC_MSGSEND = YES;
				ENABLE_TESTABILITY = YES;
				GCC_C_LANGUAGE_STANDARD = gnu11;
				GCC_DYNAMIC_NO_PIC = NO;
				GCC_NO_COMMON_BLOCKS = YES;
				GCC_OPTIMIZATION_LEVEL = 0;
				GCC_PREPROCESSOR_DEFINITIONS = (
					"DEBUG=1",
					"$(inherited)",
				);
				GCC_WARN_64_TO_32_BIT_CONVERSION = YES;
				GCC_WARN_ABOUT_RETURN_TYPE = YES_ERROR;
				GCC_WARN_UNDECLARED_SELECTOR = YES;
				GCC_WARN_UNINITIALIZED_AUTOS = YES_AGGRESSIVE;
				GCC_WARN_UNUSED_FUNCTION = YES;
				GCC_WARN_UNUSED_VARIABLE = YES;
				IPHONEOS_DEPLOYMENT_TARGET = 12.2;
				MTL_ENABLE_DEBUG_INFO = INCLUDE_SOURCE;
				MTL_FAST_MATH = YES;
				ONLY_ACTIVE_ARCH = YES;
				SDKROOT = iphoneos;
				SWIFT_ACTIVE_COMPILATION_CONDITIONS = DEBUG;
				SWIFT_OPTIMIZATION_LEVEL = "-Onone";
			};
			name = Debug;
		};
		60BE2AA1226F8F9B00E1D334 /* Release */ = {
			isa = XCBuildConfiguration;
			buildSettings = {
				ALWAYS_SEARCH_USER_PATHS = NO;
				CLANG_ANALYZER_NONNULL = YES;
				CLANG_ANALYZER_NUMBER_OBJECT_CONVERSION = YES_AGGRESSIVE;
				CLANG_CXX_LANGUAGE_STANDARD = "gnu++14";
				CLANG_CXX_LIBRARY = "libc++";
				CLANG_ENABLE_MODULES = YES;
				CLANG_ENABLE_OBJC_ARC = YES;
				CLANG_ENABLE_OBJC_WEAK = YES;
				CLANG_WARN_BLOCK_CAPTURE_AUTORELEASING = YES;
				CLANG_WARN_BOOL_CONVERSION = YES;
				CLANG_WARN_COMMA = YES;
				CLANG_WARN_CONSTANT_CONVERSION = YES;
				CLANG_WARN_DEPRECATED_OBJC_IMPLEMENTATIONS = YES;
				CLANG_WARN_DIRECT_OBJC_ISA_USAGE = YES_ERROR;
				CLANG_WARN_DOCUMENTATION_COMMENTS = YES;
				CLANG_WARN_EMPTY_BODY = YES;
				CLANG_WARN_ENUM_CONVERSION = YES;
				CLANG_WARN_INFINITE_RECURSION = YES;
				CLANG_WARN_INT_CONVERSION = YES;
				CLANG_WARN_NON_LITERAL_NULL_CONVERSION = YES;
				CLANG_WARN_OBJC_IMPLICIT_RETAIN_SELF = YES;
				CLANG_WARN_OBJC_LITERAL_CONVERSION = YES;
				CLANG_WARN_OBJC_ROOT_CLASS = YES_ERROR;
				CLANG_WARN_RANGE_LOOP_ANALYSIS = YES;
				CLANG_WARN_STRICT_PROTOTYPES = YES;
				CLANG_WARN_SUSPICIOUS_MOVE = YES;
				CLANG_WARN_UNGUARDED_AVAILABILITY = YES_AGGRESSIVE;
				CLANG_WARN_UNREACHABLE_CODE = YES;
				CLANG_WARN__DUPLICATE_METHOD_MATCH = YES;
				CODE_SIGN_IDENTITY = "iPhone Developer";
				COPY_PHASE_STRIP = NO;
				DEBUG_INFORMATION_FORMAT = "dwarf-with-dsym";
				ENABLE_NS_ASSERTIONS = NO;
				ENABLE_STRICT_OBJC_MSGSEND = YES;
				GCC_C_LANGUAGE_STANDARD = gnu11;
				GCC_NO_COMMON_BLOCKS = YES;
				GCC_WARN_64_TO_32_BIT_CONVERSION = YES;
				GCC_WARN_ABOUT_RETURN_TYPE = YES_ERROR;
				GCC_WARN_UNDECLARED_SELECTOR = YES;
				GCC_WARN_UNINITIALIZED_AUTOS = YES_AGGRESSIVE;
				GCC_WARN_UNUSED_FUNCTION = YES;
				GCC_WARN_UNUSED_VARIABLE = YES;
				IPHONEOS_DEPLOYMENT_TARGET = 12.2;
				MTL_ENABLE_DEBUG_INFO = NO;
				MTL_FAST_MATH = YES;
				SDKROOT = iphoneos;
				SWIFT_COMPILATION_MODE = wholemodule;
				SWIFT_OPTIMIZATION_LEVEL = "-O";
				VALIDATE_PRODUCT = YES;
			};
			name = Release;
		};
		60BE2AA3226F8F9B00E1D334 /* Debug */ = {
			isa = XCBuildConfiguration;
			baseConfigurationReference = 9D38CE998CA52C80E6E50388 /* Pods-AppStore.debug.xcconfig */;
			buildSettings = {
				ASSETCATALOG_COMPILER_APPICON_NAME = AppIcon;
				CODE_SIGN_STYLE = Automatic;
				DEVELOPMENT_TEAM = 9KP8U9QDYN;
				INFOPLIST_FILE = "$(SRCROOT)/AppStore/Resources/Info.plist";
				LD_RUNPATH_SEARCH_PATHS = (
					"$(inherited)",
					"@executable_path/Frameworks",
				);
				PRODUCT_BUNDLE_IDENTIFIER = com.sethdanner.AppStore;
				PRODUCT_NAME = "$(TARGET_NAME)";
				SWIFT_VERSION = 5.0;
				TARGETED_DEVICE_FAMILY = "1,2";
			};
			name = Debug;
		};
		60BE2AA4226F8F9B00E1D334 /* Release */ = {
			isa = XCBuildConfiguration;
			baseConfigurationReference = 32C7AA4E09CCD6BD4CF796E5 /* Pods-AppStore.release.xcconfig */;
			buildSettings = {
				ASSETCATALOG_COMPILER_APPICON_NAME = AppIcon;
				CODE_SIGN_STYLE = Automatic;
				DEVELOPMENT_TEAM = 9KP8U9QDYN;
				INFOPLIST_FILE = "$(SRCROOT)/AppStore/Resources/Info.plist";
				LD_RUNPATH_SEARCH_PATHS = (
					"$(inherited)",
					"@executable_path/Frameworks",
				);
				PRODUCT_BUNDLE_IDENTIFIER = com.sethdanner.AppStore;
				PRODUCT_NAME = "$(TARGET_NAME)";
				SWIFT_VERSION = 5.0;
				TARGETED_DEVICE_FAMILY = "1,2";
			};
			name = Release;
		};
/* End XCBuildConfiguration section */

/* Begin XCConfigurationList section */
		60BE2A8B226F8F9900E1D334 /* Build configuration list for PBXProject "AppStore" */ = {
			isa = XCConfigurationList;
			buildConfigurations = (
				60BE2AA0226F8F9B00E1D334 /* Debug */,
				60BE2AA1226F8F9B00E1D334 /* Release */,
			);
			defaultConfigurationIsVisible = 0;
			defaultConfigurationName = Release;
		};
		60BE2AA2226F8F9B00E1D334 /* Build configuration list for PBXNativeTarget "AppStore" */ = {
			isa = XCConfigurationList;
			buildConfigurations = (
				60BE2AA3226F8F9B00E1D334 /* Debug */,
				60BE2AA4226F8F9B00E1D334 /* Release */,
			);
			defaultConfigurationIsVisible = 0;
			defaultConfigurationName = Release;
		};
/* End XCConfigurationList section */
	};
	rootObject = 60BE2A88226F8F9900E1D334 /* Project object */;
}
